// !$*UTF8*$!
{
	archiveVersion = 1;
	classes = {
	};
	objectVersion = 55;
	objects = {

/* Begin PBXBuildFile section */
		476434FC29DDA887007BBB48 /* AppDelegate.swift in Sources */ = {isa = PBXBuildFile; fileRef = 476434FB29DDA887007BBB48 /* AppDelegate.swift */; };
		476434FE29DDA887007BBB48 /* SceneDelegate.swift in Sources */ = {isa = PBXBuildFile; fileRef = 476434FD29DDA887007BBB48 /* SceneDelegate.swift */; };
		4764350029DDA887007BBB48 /* ViewController.swift in Sources */ = {isa = PBXBuildFile; fileRef = 476434FF29DDA887007BBB48 /* ViewController.swift */; };
		4764350329DDA887007BBB48 /* Main.storyboard in Resources */ = {isa = PBXBuildFile; fileRef = 4764350129DDA887007BBB48 /* Main.storyboard */; };
		4764350529DDA888007BBB48 /* Assets.xcassets in Resources */ = {isa = PBXBuildFile; fileRef = 4764350429DDA888007BBB48 /* Assets.xcassets */; };
		4764350829DDA888007BBB48 /* LaunchScreen.storyboard in Resources */ = {isa = PBXBuildFile; fileRef = 4764350629DDA888007BBB48 /* LaunchScreen.storyboard */; };
		4764351329DDAB88007BBB48 /* CoinModel.swift in Sources */ = {isa = PBXBuildFile; fileRef = 4764351229DDAB88007BBB48 /* CoinModel.swift */; };
		4764351529DDB072007BBB48 /* CurrentDataModel.swift in Sources */ = {isa = PBXBuildFile; fileRef = 4764351429DDB072007BBB48 /* CurrentDataModel.swift */; };
		4764351729DDB350007BBB48 /* MarketChartModel.swift in Sources */ = {isa = PBXBuildFile; fileRef = 4764351629DDB350007BBB48 /* MarketChartModel.swift */; };
		4764351929DDB448007BBB48 /* GraphicDataModel.swift in Sources */ = {isa = PBXBuildFile; fileRef = 4764351829DDB448007BBB48 /* GraphicDataModel.swift */; };
		4764351C29DDB594007BBB48 /* GlobalModel.swift in Sources */ = {isa = PBXBuildFile; fileRef = 4764351B29DDB594007BBB48 /* GlobalModel.swift */; };
		4764352029DDB6DB007BBB48 /* GenericDataProvider.swift in Sources */ = {isa = PBXBuildFile; fileRef = 4764351F29DDB6DB007BBB48 /* GenericDataProvider.swift */; };
/* End PBXBuildFile section */

/* Begin PBXFileReference section */
		476434F829DDA887007BBB48 /* MarketCoins.app */ = {isa = PBXFileReference; explicitFileType = wrapper.application; includeInIndex = 0; path = MarketCoins.app; sourceTree = BUILT_PRODUCTS_DIR; };
		476434FB29DDA887007BBB48 /* AppDelegate.swift */ = {isa = PBXFileReference; lastKnownFileType = sourcecode.swift; path = AppDelegate.swift; sourceTree = "<group>"; };
		476434FD29DDA887007BBB48 /* SceneDelegate.swift */ = {isa = PBXFileReference; lastKnownFileType = sourcecode.swift; path = SceneDelegate.swift; sourceTree = "<group>"; };
		476434FF29DDA887007BBB48 /* ViewController.swift */ = {isa = PBXFileReference; lastKnownFileType = sourcecode.swift; path = ViewController.swift; sourceTree = "<group>"; };
		4764350229DDA887007BBB48 /* Base */ = {isa = PBXFileReference; lastKnownFileType = file.storyboard; name = Base; path = Base.lproj/Main.storyboard; sourceTree = "<group>"; };
		4764350429DDA888007BBB48 /* Assets.xcassets */ = {isa = PBXFileReference; lastKnownFileType = folder.assetcatalog; path = Assets.xcassets; sourceTree = "<group>"; };
		4764350729DDA888007BBB48 /* Base */ = {isa = PBXFileReference; lastKnownFileType = file.storyboard; name = Base; path = Base.lproj/LaunchScreen.storyboard; sourceTree = "<group>"; };
		4764350929DDA888007BBB48 /* Info.plist */ = {isa = PBXFileReference; lastKnownFileType = text.plist.xml; path = Info.plist; sourceTree = "<group>"; };
		4764351229DDAB88007BBB48 /* CoinModel.swift */ = {isa = PBXFileReference; lastKnownFileType = sourcecode.swift; path = CoinModel.swift; sourceTree = "<group>"; };
		4764351429DDB072007BBB48 /* CurrentDataModel.swift */ = {isa = PBXFileReference; lastKnownFileType = sourcecode.swift; path = CurrentDataModel.swift; sourceTree = "<group>"; };
		4764351629DDB350007BBB48 /* MarketChartModel.swift */ = {isa = PBXFileReference; lastKnownFileType = sourcecode.swift; path = MarketChartModel.swift; sourceTree = "<group>"; };
		4764351829DDB448007BBB48 /* GraphicDataModel.swift */ = {isa = PBXFileReference; lastKnownFileType = sourcecode.swift; path = GraphicDataModel.swift; sourceTree = "<group>"; };
		4764351B29DDB594007BBB48 /* GlobalModel.swift */ = {isa = PBXFileReference; lastKnownFileType = sourcecode.swift; path = GlobalModel.swift; sourceTree = "<group>"; };
		4764351F29DDB6DB007BBB48 /* GenericDataProvider.swift */ = {isa = PBXFileReference; lastKnownFileType = sourcecode.swift; path = GenericDataProvider.swift; sourceTree = "<group>"; };
/* End PBXFileReference section */

/* Begin PBXFrameworksBuildPhase section */
		476434F529DDA887007BBB48 /* Frameworks */ = {
			isa = PBXFrameworksBuildPhase;
			buildActionMask = 2147483647;
			files = (
			);
			runOnlyForDeploymentPostprocessing = 0;
		};
/* End PBXFrameworksBuildPhase section */

/* Begin PBXGroup section */
		476434EF29DDA887007BBB48 = {
			isa = PBXGroup;
			children = (
				4764350F29DDA95A007BBB48 /* Domain */,
				476434FA29DDA887007BBB48 /* MarketCoins */,
				476434F929DDA887007BBB48 /* Products */,
			);
			sourceTree = "<group>";
		};
		476434F929DDA887007BBB48 /* Products */ = {
			isa = PBXGroup;
			children = (
				476434F829DDA887007BBB48 /* MarketCoins.app */,
			);
			name = Products;
			sourceTree = "<group>";
		};
		476434FA29DDA887007BBB48 /* MarketCoins */ = {
			isa = PBXGroup;
			children = (
				476434FB29DDA887007BBB48 /* AppDelegate.swift */,
				476434FD29DDA887007BBB48 /* SceneDelegate.swift */,
				476434FF29DDA887007BBB48 /* ViewController.swift */,
				4764350129DDA887007BBB48 /* Main.storyboard */,
				4764350429DDA888007BBB48 /* Assets.xcassets */,
				4764350629DDA888007BBB48 /* LaunchScreen.storyboard */,
				4764350929DDA888007BBB48 /* Info.plist */,
			);
			path = MarketCoins;
			sourceTree = "<group>";
		};
		4764350F29DDA95A007BBB48 /* Domain */ = {
			isa = PBXGroup;
			children = (
				4764351D29DDB687007BBB48 /* DataProvider */,
				4764351129DDA9C4007BBB48 /* Models */,
			);
			path = Domain;
			sourceTree = "<group>";
		};
		4764351129DDA9C4007BBB48 /* Models */ = {
			isa = PBXGroup;
			children = (
				4764351229DDAB88007BBB48 /* CoinModel.swift */,
				4764351429DDB072007BBB48 /* CurrentDataModel.swift */,
				4764351629DDB350007BBB48 /* MarketChartModel.swift */,
				4764351829DDB448007BBB48 /* GraphicDataModel.swift */,
				4764351B29DDB594007BBB48 /* GlobalModel.swift */,
			);
			path = Models;
			sourceTree = "<group>";
		};
		4764351D29DDB687007BBB48 /* DataProvider */ = {
			isa = PBXGroup;
			children = (
				4764351E29DDB69F007BBB48 /* NetworkRepository */,
				4764351F29DDB6DB007BBB48 /* GenericDataProvider.swift */,
			);
			path = DataProvider;
			sourceTree = "<group>";
		};
		4764351E29DDB69F007BBB48 /* NetworkRepository */ = {
			isa = PBXGroup;
			children = (
			);
			path = NetworkRepository;
			sourceTree = "<group>";
		};
/* End PBXGroup section */

/* Begin PBXNativeTarget section */
		476434F729DDA887007BBB48 /* MarketCoins */ = {
			isa = PBXNativeTarget;
			buildConfigurationList = 4764350C29DDA888007BBB48 /* Build configuration list for PBXNativeTarget "MarketCoins" */;
			buildPhases = (
				476434F429DDA887007BBB48 /* Sources */,
				476434F529DDA887007BBB48 /* Frameworks */,
				476434F629DDA887007BBB48 /* Resources */,
			);
			buildRules = (
			);
			dependencies = (
			);
			name = MarketCoins;
			productName = MarketCoins;
			productReference = 476434F829DDA887007BBB48 /* MarketCoins.app */;
			productType = "com.apple.product-type.application";
		};
/* End PBXNativeTarget section */

/* Begin PBXProject section */
		476434F029DDA887007BBB48 /* Project object */ = {
			isa = PBXProject;
			attributes = {
				BuildIndependentTargetsInParallel = 1;
				LastSwiftUpdateCheck = 1340;
				LastUpgradeCheck = 1340;
				TargetAttributes = {
					476434F729DDA887007BBB48 = {
						CreatedOnToolsVersion = 13.4.1;
					};
				};
			};
			buildConfigurationList = 476434F329DDA887007BBB48 /* Build configuration list for PBXProject "MarketCoins" */;
			compatibilityVersion = "Xcode 13.0";
			developmentRegion = en;
			hasScannedForEncodings = 0;
			knownRegions = (
				en,
				Base,
			);
			mainGroup = 476434EF29DDA887007BBB48;
			productRefGroup = 476434F929DDA887007BBB48 /* Products */;
			projectDirPath = "";
			projectRoot = "";
			targets = (
				476434F729DDA887007BBB48 /* MarketCoins */,
			);
		};
/* End PBXProject section */

/* Begin PBXResourcesBuildPhase section */
		476434F629DDA887007BBB48 /* Resources */ = {
			isa = PBXResourcesBuildPhase;
			buildActionMask = 2147483647;
			files = (
				4764350829DDA888007BBB48 /* LaunchScreen.storyboard in Resources */,
				4764350529DDA888007BBB48 /* Assets.xcassets in Resources */,
				4764350329DDA887007BBB48 /* Main.storyboard in Resources */,
			);
			runOnlyForDeploymentPostprocessing = 0;
		};
/* End PBXResourcesBuildPhase section */

/* Begin PBXSourcesBuildPhase section */
		476434F429DDA887007BBB48 /* Sources */ = {
			isa = PBXSourcesBuildPhase;
			buildActionMask = 2147483647;
			files = (
				4764351729DDB350007BBB48 /* MarketChartModel.swift in Sources */,
				4764351329DDAB88007BBB48 /* CoinModel.swift in Sources */,
				4764351929DDB448007BBB48 /* GraphicDataModel.swift in Sources */,
				4764350029DDA887007BBB48 /* ViewController.swift in Sources */,
				476434FC29DDA887007BBB48 /* AppDelegate.swift in Sources */,
				4764351529DDB072007BBB48 /* CurrentDataModel.swift in Sources */,
				4764351C29DDB594007BBB48 /* GlobalModel.swift in Sources */,
				4764352029DDB6DB007BBB48 /* GenericDataProvider.swift in Sources */,
				476434FE29DDA887007BBB48 /* SceneDelegate.swift in Sources */,
			);
			runOnlyForDeploymentPostprocessing = 0;
		};
/* End PBXSourcesBuildPhase section */

/* Begin PBXVariantGroup section */
		4764350129DDA887007BBB48 /* Main.storyboard */ = {
			isa = PBXVariantGroup;
			children = (
				4764350229DDA887007BBB48 /* Base */,
			);
			name = Main.storyboard;
			sourceTree = "<group>";
		};
		4764350629DDA888007BBB48 /* LaunchScreen.storyboard */ = {
			isa = PBXVariantGroup;
			children = (
				4764350729DDA888007BBB48 /* Base */,
			);
			name = LaunchScreen.storyboard;
			sourceTree = "<group>";
		};
/* End PBXVariantGroup section */

/* Begin XCBuildConfiguration section */
		4764350A29DDA888007BBB48 /* Debug */ = {
			isa = XCBuildConfiguration;
			buildSettings = {
				ALWAYS_SEARCH_USER_PATHS = NO;
				CLANG_ANALYZER_NONNULL = YES;
				CLANG_ANALYZER_NUMBER_OBJECT_CONVERSION = YES_AGGRESSIVE;
				CLANG_CXX_LANGUAGE_STANDARD = "gnu++17";
				CLANG_ENABLE_MODULES = YES;
				CLANG_ENABLE_OBJC_ARC = YES;
				CLANG_ENABLE_OBJC_WEAK = YES;
				CLANG_WARN_BLOCK_CAPTURE_AUTORELEASING = YES;
				CLANG_WARN_BOOL_CONVERSION = YES;
				CLANG_WARN_COMMA = YES;
				CLANG_WARN_CONSTANT_CONVERSION = YES;
				CLANG_WARN_DEPRECATED_OBJC_IMPLEMENTATIONS = YES;
				CLANG_WARN_DIRECT_OBJC_ISA_USAGE = YES_ERROR;
				CLANG_WARN_DOCUMENTATION_COMMENTS = YES;
				CLANG_WARN_EMPTY_BODY = YES;
				CLANG_WARN_ENUM_CONVERSION = YES;
				CLANG_WARN_INFINITE_RECURSION = YES;
				CLANG_WARN_INT_CONVERSION = YES;
				CLANG_WARN_NON_LITERAL_NULL_CONVERSION = YES;
				CLANG_WARN_OBJC_IMPLICIT_RETAIN_SELF = YES;
				CLANG_WARN_OBJC_LITERAL_CONVERSION = YES;
				CLANG_WARN_OBJC_ROOT_CLASS = YES_ERROR;
				CLANG_WARN_QUOTED_INCLUDE_IN_FRAMEWORK_HEADER = YES;
				CLANG_WARN_RANGE_LOOP_ANALYSIS = YES;
				CLANG_WARN_STRICT_PROTOTYPES = YES;
				CLANG_WARN_SUSPICIOUS_MOVE = YES;
				CLANG_WARN_UNGUARDED_AVAILABILITY = YES_AGGRESSIVE;
				CLANG_WARN_UNREACHABLE_CODE = YES;
				CLANG_WARN__DUPLICATE_METHOD_MATCH = YES;
				COPY_PHASE_STRIP = NO;
				DEBUG_INFORMATION_FORMAT = dwarf;
				ENABLE_STRICT_OBJC_MSGSEND = YES;
				ENABLE_TESTABILITY = YES;
				GCC_C_LANGUAGE_STANDARD = gnu11;
				GCC_DYNAMIC_NO_PIC = NO;
				GCC_NO_COMMON_BLOCKS = YES;
				GCC_OPTIMIZATION_LEVEL = 0;
				GCC_PREPROCESSOR_DEFINITIONS = (
					"DEBUG=1",
					"$(inherited)",
				);
				GCC_WARN_64_TO_32_BIT_CONVERSION = YES;
				GCC_WARN_ABOUT_RETURN_TYPE = YES_ERROR;
				GCC_WARN_UNDECLARED_SELECTOR = YES;
				GCC_WARN_UNINITIALIZED_AUTOS = YES_AGGRESSIVE;
				GCC_WARN_UNUSED_FUNCTION = YES;
				GCC_WARN_UNUSED_VARIABLE = YES;
				IPHONEOS_DEPLOYMENT_TARGET = 15.5;
				MTL_ENABLE_DEBUG_INFO = INCLUDE_SOURCE;
				MTL_FAST_MATH = YES;
				ONLY_ACTIVE_ARCH = YES;
				SDKROOT = iphoneos;
				SWIFT_ACTIVE_COMPILATION_CONDITIONS = DEBUG;
				SWIFT_OPTIMIZATION_LEVEL = "-Onone";
			};
			name = Debug;
		};
		4764350B29DDA888007BBB48 /* Release */ = {
			isa = XCBuildConfiguration;
			buildSettings = {
				ALWAYS_SEARCH_USER_PATHS = NO;
				CLANG_ANALYZER_NONNULL = YES;
				CLANG_ANALYZER_NUMBER_OBJECT_CONVERSION = YES_AGGRESSIVE;
				CLANG_CXX_LANGUAGE_STANDARD = "gnu++17";
				CLANG_ENABLE_MODULES = YES;
				CLANG_ENABLE_OBJC_ARC = YES;
				CLANG_ENABLE_OBJC_WEAK = YES;
				CLANG_WARN_BLOCK_CAPTURE_AUTORELEASING = YES;
				CLANG_WARN_BOOL_CONVERSION = YES;
				CLANG_WARN_COMMA = YES;
				CLANG_WARN_CONSTANT_CONVERSION = YES;
				CLANG_WARN_DEPRECATED_OBJC_IMPLEMENTATIONS = YES;
				CLANG_WARN_DIRECT_OBJC_ISA_USAGE = YES_ERROR;
				CLANG_WARN_DOCUMENTATION_COMMENTS = YES;
				CLANG_WARN_EMPTY_BODY = YES;
				CLANG_WARN_ENUM_CONVERSION = YES;
				CLANG_WARN_INFINITE_RECURSION = YES;
				CLANG_WARN_INT_CONVERSION = YES;
				CLANG_WARN_NON_LITERAL_NULL_CONVERSION = YES;
				CLANG_WARN_OBJC_IMPLICIT_RETAIN_SELF = YES;
				CLANG_WARN_OBJC_LITERAL_CONVERSION = YES;
				CLANG_WARN_OBJC_ROOT_CLASS = YES_ERROR;
				CLANG_WARN_QUOTED_INCLUDE_IN_FRAMEWORK_HEADER = YES;
				CLANG_WARN_RANGE_LOOP_ANALYSIS = YES;
				CLANG_WARN_STRICT_PROTOTYPES = YES;
				CLANG_WARN_SUSPICIOUS_MOVE = YES;
				CLANG_WARN_UNGUARDED_AVAILABILITY = YES_AGGRESSIVE;
				CLANG_WARN_UNREACHABLE_CODE = YES;
				CLANG_WARN__DUPLICATE_METHOD_MATCH = YES;
				COPY_PHASE_STRIP = NO;
				DEBUG_INFORMATION_FORMAT = "dwarf-with-dsym";
				ENABLE_NS_ASSERTIONS = NO;
				ENABLE_STRICT_OBJC_MSGSEND = YES;
				GCC_C_LANGUAGE_STANDARD = gnu11;
				GCC_NO_COMMON_BLOCKS = YES;
				GCC_WARN_64_TO_32_BIT_CONVERSION = YES;
				GCC_WARN_ABOUT_RETURN_TYPE = YES_ERROR;
				GCC_WARN_UNDECLARED_SELECTOR = YES;
				GCC_WARN_UNINITIALIZED_AUTOS = YES_AGGRESSIVE;
				GCC_WARN_UNUSED_FUNCTION = YES;
				GCC_WARN_UNUSED_VARIABLE = YES;
				IPHONEOS_DEPLOYMENT_TARGET = 15.5;
				MTL_ENABLE_DEBUG_INFO = NO;
				MTL_FAST_MATH = YES;
				SDKROOT = iphoneos;
				SWIFT_COMPILATION_MODE = wholemodule;
				SWIFT_OPTIMIZATION_LEVEL = "-O";
				VALIDATE_PRODUCT = YES;
			};
			name = Release;
		};
		4764350D29DDA888007BBB48 /* Debug */ = {
			isa = XCBuildConfiguration;
			buildSettings = {
				ASSETCATALOG_COMPILER_APPICON_NAME = AppIcon;
				ASSETCATALOG_COMPILER_GLOBAL_ACCENT_COLOR_NAME = AccentColor;
				CODE_SIGN_STYLE = Automatic;
				CURRENT_PROJECT_VERSION = 1;
				DEVELOPMENT_TEAM = T799BTXVLZ;
				GENERATE_INFOPLIST_FILE = YES;
				INFOPLIST_FILE = MarketCoins/Info.plist;
				INFOPLIST_KEY_UIApplicationSupportsIndirectInputEvents = YES;
				INFOPLIST_KEY_UILaunchStoryboardName = LaunchScreen;
				INFOPLIST_KEY_UIMainStoryboardFile = Main;
				INFOPLIST_KEY_UISupportedInterfaceOrientations = UIInterfaceOrientationPortrait;
				INFOPLIST_KEY_UISupportedInterfaceOrientations_iPad = "UIInterfaceOrientationPortrait UIInterfaceOrientationPortraitUpsideDown UIInterfaceOrientationLandscapeLeft UIInterfaceOrientationLandscapeRight";
				INFOPLIST_KEY_UISupportedInterfaceOrientations_iPhone = "UIInterfaceOrientationPortrait UIInterfaceOrientationLandscapeLeft UIInterfaceOrientationLandscapeRight";
				IPHONEOS_DEPLOYMENT_TARGET = 13.0;
				LD_RUNPATH_SEARCH_PATHS = (
					"$(inherited)",
					"@executable_path/Frameworks",
				);
				MARKETING_VERSION = 1.0;
				PRODUCT_BUNDLE_IDENTIFIER = projeto.dio.vip.MarketCoins;
				PRODUCT_NAME = "$(TARGET_NAME)";
				SWIFT_EMIT_LOC_STRINGS = YES;
				SWIFT_VERSION = 5.0;
				TARGETED_DEVICE_FAMILY = 1;
			};
			name = Debug;
		};
		4764350E29DDA888007BBB48 /* Release */ = {
			isa = XCBuildConfiguration;
			buildSettings = {
				ASSETCATALOG_COMPILER_APPICON_NAME = AppIcon;
				ASSETCATALOG_COMPILER_GLOBAL_ACCENT_COLOR_NAME = AccentColor;
				CODE_SIGN_STYLE = Automatic;
				CURRENT_PROJECT_VERSION = 1;
				DEVELOPMENT_TEAM = T799BTXVLZ;
				GENERATE_INFOPLIST_FILE = YES;
				INFOPLIST_FILE = MarketCoins/Info.plist;
				INFOPLIST_KEY_UIApplicationSupportsIndirectInputEvents = YES;
				INFOPLIST_KEY_UILaunchStoryboardName = LaunchScreen;
				INFOPLIST_KEY_UIMainStoryboardFile = Main;
				INFOPLIST_KEY_UISupportedInterfaceOrientations = UIInterfaceOrientationPortrait;
				INFOPLIST_KEY_UISupportedInterfaceOrientations_iPad = "UIInterfaceOrientationPortrait UIInterfaceOrientationPortraitUpsideDown UIInterfaceOrientationLandscapeLeft UIInterfaceOrientationLandscapeRight";
				INFOPLIST_KEY_UISupportedInterfaceOrientations_iPhone = "UIInterfaceOrientationPortrait UIInterfaceOrientationLandscapeLeft UIInterfaceOrientationLandscapeRight";
				IPHONEOS_DEPLOYMENT_TARGET = 13.0;
				LD_RUNPATH_SEARCH_PATHS = (
					"$(inherited)",
					"@executable_path/Frameworks",
				);
				MARKETING_VERSION = 1.0;
				PRODUCT_BUNDLE_IDENTIFIER = projeto.dio.vip.MarketCoins;
				PRODUCT_NAME = "$(TARGET_NAME)";
				SWIFT_EMIT_LOC_STRINGS = YES;
				SWIFT_VERSION = 5.0;
				TARGETED_DEVICE_FAMILY = 1;
			};
			name = Release;
		};
/* End XCBuildConfiguration section */

/* Begin XCConfigurationList section */
		476434F329DDA887007BBB48 /* Build configuration list for PBXProject "MarketCoins" */ = {
			isa = XCConfigurationList;
			buildConfigurations = (
				4764350A29DDA888007BBB48 /* Debug */,
				4764350B29DDA888007BBB48 /* Release */,
			);
			defaultConfigurationIsVisible = 0;
			defaultConfigurationName = Release;
		};
		4764350C29DDA888007BBB48 /* Build configuration list for PBXNativeTarget "MarketCoins" */ = {
			isa = XCConfigurationList;
			buildConfigurations = (
				4764350D29DDA888007BBB48 /* Debug */,
				4764350E29DDA888007BBB48 /* Release */,
			);
			defaultConfigurationIsVisible = 0;
			defaultConfigurationName = Release;
		};
/* End XCConfigurationList section */
	};
	rootObject = 476434F029DDA887007BBB48 /* Project object */;
}
