// !$*UTF8*$!
{
	archiveVersion = 1;
	classes = {
	};
	objectVersion = 55;
	objects = {

/* Begin PBXBuildFile section */
		471BA48B29DB60D20037C4DC /* AppDelegate.swift in Sources */ = {isa = PBXBuildFile; fileRef = 471BA48A29DB60D20037C4DC /* AppDelegate.swift */; };
		471BA48D29DB60D20037C4DC /* SceneDelegate.swift in Sources */ = {isa = PBXBuildFile; fileRef = 471BA48C29DB60D20037C4DC /* SceneDelegate.swift */; };
		471BA48F29DB60D20037C4DC /* ViewController.swift in Sources */ = {isa = PBXBuildFile; fileRef = 471BA48E29DB60D20037C4DC /* ViewController.swift */; };
		471BA49229DB60D20037C4DC /* Main.storyboard in Resources */ = {isa = PBXBuildFile; fileRef = 471BA49029DB60D20037C4DC /* Main.storyboard */; };
		471BA49429DB60D40037C4DC /* Assets.xcassets in Resources */ = {isa = PBXBuildFile; fileRef = 471BA49329DB60D40037C4DC /* Assets.xcassets */; };
		471BA49729DB60D40037C4DC /* LaunchScreen.storyboard in Resources */ = {isa = PBXBuildFile; fileRef = 471BA49529DB60D40037C4DC /* LaunchScreen.storyboard */; };
		710F7776EECA1DE20B044AD1 /* Pods_AppMain.framework in Frameworks */ = {isa = PBXBuildFile; fileRef = 4D32D54EC48019B4BEA73D30 /* Pods_AppMain.framework */; };
/* End PBXBuildFile section */

/* Begin PBXFileReference section */
		471BA48729DB60D20037C4DC /* AppMain.app */ = {isa = PBXFileReference; explicitFileType = wrapper.application; includeInIndex = 0; path = AppMain.app; sourceTree = BUILT_PRODUCTS_DIR; };
		471BA48A29DB60D20037C4DC /* AppDelegate.swift */ = {isa = PBXFileReference; lastKnownFileType = sourcecode.swift; path = AppDelegate.swift; sourceTree = "<group>"; };
		471BA48C29DB60D20037C4DC /* SceneDelegate.swift */ = {isa = PBXFileReference; lastKnownFileType = sourcecode.swift; path = SceneDelegate.swift; sourceTree = "<group>"; };
		471BA48E29DB60D20037C4DC /* ViewController.swift */ = {isa = PBXFileReference; lastKnownFileType = sourcecode.swift; path = ViewController.swift; sourceTree = "<group>"; };
		471BA49129DB60D20037C4DC /* Base */ = {isa = PBXFileReference; lastKnownFileType = file.storyboard; name = Base; path = Base.lproj/Main.storyboard; sourceTree = "<group>"; };
		471BA49329DB60D40037C4DC /* Assets.xcassets */ = {isa = PBXFileReference; lastKnownFileType = folder.assetcatalog; path = Assets.xcassets; sourceTree = "<group>"; };
		471BA49629DB60D40037C4DC /* Base */ = {isa = PBXFileReference; lastKnownFileType = file.storyboard; name = Base; path = Base.lproj/LaunchScreen.storyboard; sourceTree = "<group>"; };
		471BA49829DB60D40037C4DC /* Info.plist */ = {isa = PBXFileReference; lastKnownFileType = text.plist.xml; path = Info.plist; sourceTree = "<group>"; };
		4D32D54EC48019B4BEA73D30 /* Pods_AppMain.framework */ = {isa = PBXFileReference; explicitFileType = wrapper.framework; includeInIndex = 0; path = Pods_AppMain.framework; sourceTree = BUILT_PRODUCTS_DIR; };
		6FAF3B0D691EADAEFAB52FE1 /* Pods-AppMain.release.xcconfig */ = {isa = PBXFileReference; includeInIndex = 1; lastKnownFileType = text.xcconfig; name = "Pods-AppMain.release.xcconfig"; path = "Target Support Files/Pods-AppMain/Pods-AppMain.release.xcconfig"; sourceTree = "<group>"; };
		B63C559E981D68B3B409A962 /* Pods-AppMain.debug.xcconfig */ = {isa = PBXFileReference; includeInIndex = 1; lastKnownFileType = text.xcconfig; name = "Pods-AppMain.debug.xcconfig"; path = "Target Support Files/Pods-AppMain/Pods-AppMain.debug.xcconfig"; sourceTree = "<group>"; };
/* End PBXFileReference section */

/* Begin PBXFrameworksBuildPhase section */
		471BA48429DB60D20037C4DC /* Frameworks */ = {
			isa = PBXFrameworksBuildPhase;
			buildActionMask = 2147483647;
			files = (
				710F7776EECA1DE20B044AD1 /* Pods_AppMain.framework in Frameworks */,
			);
			runOnlyForDeploymentPostprocessing = 0;
		};
/* End PBXFrameworksBuildPhase section */

/* Begin PBXGroup section */
		323BDC2CEA64E75F85026158 /* Pods */ = {
			isa = PBXGroup;
			children = (
				B63C559E981D68B3B409A962 /* Pods-AppMain.debug.xcconfig */,
				6FAF3B0D691EADAEFAB52FE1 /* Pods-AppMain.release.xcconfig */,
			);
			name = Pods;
			path = Pods;
			sourceTree = "<group>";
		};
		471BA47E29DB60D20037C4DC = {
			isa = PBXGroup;
			children = (
				471BA48929DB60D20037C4DC /* AppMain */,
				471BA48829DB60D20037C4DC /* Products */,
				323BDC2CEA64E75F85026158 /* Pods */,
				C0E7A98C037D01F0FB4C52C5 /* Frameworks */,
			);
			sourceTree = "<group>";
		};
		471BA48829DB60D20037C4DC /* Products */ = {
			isa = PBXGroup;
			children = (
				471BA48729DB60D20037C4DC /* AppMain.app */,
			);
			name = Products;
			sourceTree = "<group>";
		};
		471BA48929DB60D20037C4DC /* AppMain */ = {
			isa = PBXGroup;
			children = (
				471BA48A29DB60D20037C4DC /* AppDelegate.swift */,
				471BA48C29DB60D20037C4DC /* SceneDelegate.swift */,
				471BA48E29DB60D20037C4DC /* ViewController.swift */,
				471BA49029DB60D20037C4DC /* Main.storyboard */,
				471BA49329DB60D40037C4DC /* Assets.xcassets */,
				471BA49529DB60D40037C4DC /* LaunchScreen.storyboard */,
				471BA49829DB60D40037C4DC /* Info.plist */,
			);
			path = AppMain;
			sourceTree = "<group>";
		};
		C0E7A98C037D01F0FB4C52C5 /* Frameworks */ = {
			isa = PBXGroup;
			children = (
				4D32D54EC48019B4BEA73D30 /* Pods_AppMain.framework */,
			);
			name = Frameworks;
			sourceTree = "<group>";
		};
/* End PBXGroup section */

/* Begin PBXNativeTarget section */
		471BA48629DB60D20037C4DC /* AppMain */ = {
			isa = PBXNativeTarget;
			buildConfigurationList = 471BA49B29DB60D40037C4DC /* Build configuration list for PBXNativeTarget "AppMain" */;
			buildPhases = (
				464CC273EB060404D59CFD48 /* [CP] Check Pods Manifest.lock */,
				471BA48329DB60D20037C4DC /* Sources */,
				471BA48429DB60D20037C4DC /* Frameworks */,
				471BA48529DB60D20037C4DC /* Resources */,
				3740DE2076015203F8CB4520 /* [CP] Embed Pods Frameworks */,
			);
			buildRules = (
			);
			dependencies = (
			);
			name = AppMain;
			productName = AppMain;
			productReference = 471BA48729DB60D20037C4DC /* AppMain.app */;
			productType = "com.apple.product-type.application";
		};
/* End PBXNativeTarget section */

/* Begin PBXProject section */
		471BA47F29DB60D20037C4DC /* Project object */ = {
			isa = PBXProject;
			attributes = {
				BuildIndependentTargetsInParallel = 1;
				LastSwiftUpdateCheck = 1340;
				LastUpgradeCheck = 1340;
				TargetAttributes = {
					471BA48629DB60D20037C4DC = {
						CreatedOnToolsVersion = 13.4.1;
					};
				};
			};
			buildConfigurationList = 471BA48229DB60D20037C4DC /* Build configuration list for PBXProject "AppMain" */;
			compatibilityVersion = "Xcode 13.0";
			developmentRegion = en;
			hasScannedForEncodings = 0;
			knownRegions = (
				en,
				Base,
			);
			mainGroup = 471BA47E29DB60D20037C4DC;
			productRefGroup = 471BA48829DB60D20037C4DC /* Products */;
			projectDirPath = "";
			projectRoot = "";
			targets = (
				471BA48629DB60D20037C4DC /* AppMain */,
			);
		};
/* End PBXProject section */

/* Begin PBXResourcesBuildPhase section */
		471BA48529DB60D20037C4DC /* Resources */ = {
			isa = PBXResourcesBuildPhase;
			buildActionMask = 2147483647;
			files = (
				471BA49729DB60D40037C4DC /* LaunchScreen.storyboard in Resources */,
				471BA49429DB60D40037C4DC /* Assets.xcassets in Resources */,
				471BA49229DB60D20037C4DC /* Main.storyboard in Resources */,
			);
			runOnlyForDeploymentPostprocessing = 0;
		};
/* End PBXResourcesBuildPhase section */

/* Begin PBXShellScriptBuildPhase section */
		3740DE2076015203F8CB4520 /* [CP] Embed Pods Frameworks */ = {
			isa = PBXShellScriptBuildPhase;
			buildActionMask = 2147483647;
			files = (
			);
			inputFileListPaths = (
				"${PODS_ROOT}/Target Support Files/Pods-AppMain/Pods-AppMain-frameworks-${CONFIGURATION}-input-files.xcfilelist",
			);
			name = "[CP] Embed Pods Frameworks";
			outputFileListPaths = (
				"${PODS_ROOT}/Target Support Files/Pods-AppMain/Pods-AppMain-frameworks-${CONFIGURATION}-output-files.xcfilelist",
			);
			runOnlyForDeploymentPostprocessing = 0;
			shellPath = /bin/sh;
			shellScript = "\"${PODS_ROOT}/Target Support Files/Pods-AppMain/Pods-AppMain-frameworks.sh\"\n";
			showEnvVarsInLog = 0;
		};
		464CC273EB060404D59CFD48 /* [CP] Check Pods Manifest.lock */ = {
			isa = PBXShellScriptBuildPhase;
			buildActionMask = 2147483647;
			files = (
			);
			inputFileListPaths = (
			);
			inputPaths = (
				"${PODS_PODFILE_DIR_PATH}/Podfile.lock",
				"${PODS_ROOT}/Manifest.lock",
			);
			name = "[CP] Check Pods Manifest.lock";
			outputFileListPaths = (
			);
			outputPaths = (
				"$(DERIVED_FILE_DIR)/Pods-AppMain-checkManifestLockResult.txt",
			);
			runOnlyForDeploymentPostprocessing = 0;
			shellPath = /bin/sh;
			shellScript = "diff \"${PODS_PODFILE_DIR_PATH}/Podfile.lock\" \"${PODS_ROOT}/Manifest.lock\" > /dev/null\nif [ $? != 0 ] ; then\n    # print error to STDERR\n    echo \"error: The sandbox is not in sync with the Podfile.lock. Run 'pod install' or update your CocoaPods installation.\" >&2\n    exit 1\nfi\n# This output is used by Xcode 'outputs' to avoid re-running this script phase.\necho \"SUCCESS\" > \"${SCRIPT_OUTPUT_FILE_0}\"\n";
			showEnvVarsInLog = 0;
		};
/* End PBXShellScriptBuildPhase section */

/* Begin PBXSourcesBuildPhase section */
		471BA48329DB60D20037C4DC /* Sources */ = {
			isa = PBXSourcesBuildPhase;
			buildActionMask = 2147483647;
			files = (
				471BA48F29DB60D20037C4DC /* ViewController.swift in Sources */,
				471BA48B29DB60D20037C4DC /* AppDelegate.swift in Sources */,
				471BA48D29DB60D20037C4DC /* SceneDelegate.swift in Sources */,
			);
			runOnlyForDeploymentPostprocessing = 0;
		};
/* End PBXSourcesBuildPhase section */

/* Begin PBXVariantGroup section */
		471BA49029DB60D20037C4DC /* Main.storyboard */ = {
			isa = PBXVariantGroup;
			children = (
				471BA49129DB60D20037C4DC /* Base */,
			);
			name = Main.storyboard;
			sourceTree = "<group>";
		};
		471BA49529DB60D40037C4DC /* LaunchScreen.storyboard */ = {
			isa = PBXVariantGroup;
			children = (
				471BA49629DB60D40037C4DC /* Base */,
			);
			name = LaunchScreen.storyboard;
			sourceTree = "<group>";
		};
/* End PBXVariantGroup section */

/* Begin XCBuildConfiguration section */
		471BA49929DB60D40037C4DC /* Debug */ = {
			isa = XCBuildConfiguration;
			buildSettings = {
				ALWAYS_SEARCH_USER_PATHS = NO;
				CLANG_ANALYZER_NONNULL = YES;
				CLANG_ANALYZER_NUMBER_OBJECT_CONVERSION = YES_AGGRESSIVE;
				CLANG_CXX_LANGUAGE_STANDARD = "gnu++17";
				CLANG_ENABLE_MODULES = YES;
				CLANG_ENABLE_OBJC_ARC = YES;
				CLANG_ENABLE_OBJC_WEAK = YES;
				CLANG_WARN_BLOCK_CAPTURE_AUTORELEASING = YES;
				CLANG_WARN_BOOL_CONVERSION = YES;
				CLANG_WARN_COMMA = YES;
				CLANG_WARN_CONSTANT_CONVERSION = YES;
				CLANG_WARN_DEPRECATED_OBJC_IMPLEMENTATIONS = YES;
				CLANG_WARN_DIRECT_OBJC_ISA_USAGE = YES_ERROR;
				CLANG_WARN_DOCUMENTATION_COMMENTS = YES;
				CLANG_WARN_EMPTY_BODY = YES;
				CLANG_WARN_ENUM_CONVERSION = YES;
				CLANG_WARN_INFINITE_RECURSION = YES;
				CLANG_WARN_INT_CONVERSION = YES;
				CLANG_WARN_NON_LITERAL_NULL_CONVERSION = YES;
				CLANG_WARN_OBJC_IMPLICIT_RETAIN_SELF = YES;
				CLANG_WARN_OBJC_LITERAL_CONVERSION = YES;
				CLANG_WARN_OBJC_ROOT_CLASS = YES_ERROR;
				CLANG_WARN_QUOTED_INCLUDE_IN_FRAMEWORK_HEADER = YES;
				CLANG_WARN_RANGE_LOOP_ANALYSIS = YES;
				CLANG_WARN_STRICT_PROTOTYPES = YES;
				CLANG_WARN_SUSPICIOUS_MOVE = YES;
				CLANG_WARN_UNGUARDED_AVAILABILITY = YES_AGGRESSIVE;
				CLANG_WARN_UNREACHABLE_CODE = YES;
				CLANG_WARN__DUPLICATE_METHOD_MATCH = YES;
				COPY_PHASE_STRIP = NO;
				DEBUG_INFORMATION_FORMAT = dwarf;
				ENABLE_STRICT_OBJC_MSGSEND = YES;
				ENABLE_TESTABILITY = YES;
				GCC_C_LANGUAGE_STANDARD = gnu11;
				GCC_DYNAMIC_NO_PIC = NO;
				GCC_NO_COMMON_BLOCKS = YES;
				GCC_OPTIMIZATION_LEVEL = 0;
				GCC_PREPROCESSOR_DEFINITIONS = (
					"DEBUG=1",
					"$(inherited)",
				);
				GCC_WARN_64_TO_32_BIT_CONVERSION = YES;
				GCC_WARN_ABOUT_RETURN_TYPE = YES_ERROR;
				GCC_WARN_UNDECLARED_SELECTOR = YES;
				GCC_WARN_UNINITIALIZED_AUTOS = YES_AGGRESSIVE;
				GCC_WARN_UNUSED_FUNCTION = YES;
				GCC_WARN_UNUSED_VARIABLE = YES;
				IPHONEOS_DEPLOYMENT_TARGET = 15.5;
				MTL_ENABLE_DEBUG_INFO = INCLUDE_SOURCE;
				MTL_FAST_MATH = YES;
				ONLY_ACTIVE_ARCH = YES;
				SDKROOT = iphoneos;
				SWIFT_ACTIVE_COMPILATION_CONDITIONS = DEBUG;
				SWIFT_OPTIMIZATION_LEVEL = "-Onone";
			};
			name = Debug;
		};
		471BA49A29DB60D40037C4DC /* Release */ = {
			isa = XCBuildConfiguration;
			buildSettings = {
				ALWAYS_SEARCH_USER_PATHS = NO;
				CLANG_ANALYZER_NONNULL = YES;
				CLANG_ANALYZER_NUMBER_OBJECT_CONVERSION = YES_AGGRESSIVE;
				CLANG_CXX_LANGUAGE_STANDARD = "gnu++17";
				CLANG_ENABLE_MODULES = YES;
				CLANG_ENABLE_OBJC_ARC = YES;
				CLANG_ENABLE_OBJC_WEAK = YES;
				CLANG_WARN_BLOCK_CAPTURE_AUTORELEASING = YES;
				CLANG_WARN_BOOL_CONVERSION = YES;
				CLANG_WARN_COMMA = YES;
				CLANG_WARN_CONSTANT_CONVERSION = YES;
				CLANG_WARN_DEPRECATED_OBJC_IMPLEMENTATIONS = YES;
				CLANG_WARN_DIRECT_OBJC_ISA_USAGE = YES_ERROR;
				CLANG_WARN_DOCUMENTATION_COMMENTS = YES;
				CLANG_WARN_EMPTY_BODY = YES;
				CLANG_WARN_ENUM_CONVERSION = YES;
				CLANG_WARN_INFINITE_RECURSION = YES;
				CLANG_WARN_INT_CONVERSION = YES;
				CLANG_WARN_NON_LITERAL_NULL_CONVERSION = YES;
				CLANG_WARN_OBJC_IMPLICIT_RETAIN_SELF = YES;
				CLANG_WARN_OBJC_LITERAL_CONVERSION = YES;
				CLANG_WARN_OBJC_ROOT_CLASS = YES_ERROR;
				CLANG_WARN_QUOTED_INCLUDE_IN_FRAMEWORK_HEADER = YES;
				CLANG_WARN_RANGE_LOOP_ANALYSIS = YES;
				CLANG_WARN_STRICT_PROTOTYPES = YES;
				CLANG_WARN_SUSPICIOUS_MOVE = YES;
				CLANG_WARN_UNGUARDED_AVAILABILITY = YES_AGGRESSIVE;
				CLANG_WARN_UNREACHABLE_CODE = YES;
				CLANG_WARN__DUPLICATE_METHOD_MATCH = YES;
				COPY_PHASE_STRIP = NO;
				DEBUG_INFORMATION_FORMAT = "dwarf-with-dsym";
				ENABLE_NS_ASSERTIONS = NO;
				ENABLE_STRICT_OBJC_MSGSEND = YES;
				GCC_C_LANGUAGE_STANDARD = gnu11;
				GCC_NO_COMMON_BLOCKS = YES;
				GCC_WARN_64_TO_32_BIT_CONVERSION = YES;
				GCC_WARN_ABOUT_RETURN_TYPE = YES_ERROR;
				GCC_WARN_UNDECLARED_SELECTOR = YES;
				GCC_WARN_UNINITIALIZED_AUTOS = YES_AGGRESSIVE;
				GCC_WARN_UNUSED_FUNCTION = YES;
				GCC_WARN_UNUSED_VARIABLE = YES;
				IPHONEOS_DEPLOYMENT_TARGET = 15.5;
				MTL_ENABLE_DEBUG_INFO = NO;
				MTL_FAST_MATH = YES;
				SDKROOT = iphoneos;
				SWIFT_COMPILATION_MODE = wholemodule;
				SWIFT_OPTIMIZATION_LEVEL = "-O";
				VALIDATE_PRODUCT = YES;
			};
			name = Release;
		};
		471BA49C29DB60D40037C4DC /* Debug */ = {
			isa = XCBuildConfiguration;
			baseConfigurationReference = B63C559E981D68B3B409A962 /* Pods-AppMain.debug.xcconfig */;
			buildSettings = {
				ASSETCATALOG_COMPILER_APPICON_NAME = AppIcon;
				ASSETCATALOG_COMPILER_GLOBAL_ACCENT_COLOR_NAME = AccentColor;
				CODE_SIGN_STYLE = Automatic;
				CURRENT_PROJECT_VERSION = 1;
				DEVELOPMENT_TEAM = T799BTXVLZ;
				GENERATE_INFOPLIST_FILE = YES;
				INFOPLIST_FILE = AppMain/Info.plist;
				INFOPLIST_KEY_UIApplicationSupportsIndirectInputEvents = YES;
				INFOPLIST_KEY_UILaunchStoryboardName = LaunchScreen;
				INFOPLIST_KEY_UIMainStoryboardFile = Main;
				INFOPLIST_KEY_UISupportedInterfaceOrientations_iPad = "UIInterfaceOrientationPortrait UIInterfaceOrientationPortraitUpsideDown UIInterfaceOrientationLandscapeLeft UIInterfaceOrientationLandscapeRight";
				INFOPLIST_KEY_UISupportedInterfaceOrientations_iPhone = "UIInterfaceOrientationPortrait UIInterfaceOrientationLandscapeLeft UIInterfaceOrientationLandscapeRight";
				IPHONEOS_DEPLOYMENT_TARGET = 13.0;
				LD_RUNPATH_SEARCH_PATHS = (
					"$(inherited)",
					"@executable_path/Frameworks",
				);
				MARKETING_VERSION = 1.0;
				PRODUCT_BUNDLE_IDENTIFIER = projeto.dio.app.main.AppMain;
				PRODUCT_NAME = "$(TARGET_NAME)";
				SWIFT_EMIT_LOC_STRINGS = YES;
				SWIFT_VERSION = 5.0;
				TARGETED_DEVICE_FAMILY = 1;
			};
			name = Debug;
		};
		471BA49D29DB60D40037C4DC /* Release */ = {
			isa = XCBuildConfiguration;
			baseConfigurationReference = 6FAF3B0D691EADAEFAB52FE1 /* Pods-AppMain.release.xcconfig */;
			buildSettings = {
				ASSETCATALOG_COMPILER_APPICON_NAME = AppIcon;
				ASSETCATALOG_COMPILER_GLOBAL_ACCENT_COLOR_NAME = AccentColor;
				CODE_SIGN_STYLE = Automatic;
				CURRENT_PROJECT_VERSION = 1;
				DEVELOPMENT_TEAM = T799BTXVLZ;
				GENERATE_INFOPLIST_FILE = YES;
				INFOPLIST_FILE = AppMain/Info.plist;
				INFOPLIST_KEY_UIApplicationSupportsIndirectInputEvents = YES;
				INFOPLIST_KEY_UILaunchStoryboardName = LaunchScreen;
				INFOPLIST_KEY_UIMainStoryboardFile = Main;
				INFOPLIST_KEY_UISupportedInterfaceOrientations_iPad = "UIInterfaceOrientationPortrait UIInterfaceOrientationPortraitUpsideDown UIInterfaceOrientationLandscapeLeft UIInterfaceOrientationLandscapeRight";
				INFOPLIST_KEY_UISupportedInterfaceOrientations_iPhone = "UIInterfaceOrientationPortrait UIInterfaceOrientationLandscapeLeft UIInterfaceOrientationLandscapeRight";
				IPHONEOS_DEPLOYMENT_TARGET = 13.0;
				LD_RUNPATH_SEARCH_PATHS = (
					"$(inherited)",
					"@executable_path/Frameworks",
				);
				MARKETING_VERSION = 1.0;
				PRODUCT_BUNDLE_IDENTIFIER = projeto.dio.app.main.AppMain;
				PRODUCT_NAME = "$(TARGET_NAME)";
				SWIFT_EMIT_LOC_STRINGS = YES;
				SWIFT_VERSION = 5.0;
				TARGETED_DEVICE_FAMILY = 1;
			};
			name = Release;
		};
/* End XCBuildConfiguration section */

/* Begin XCConfigurationList section */
		471BA48229DB60D20037C4DC /* Build configuration list for PBXProject "AppMain" */ = {
			isa = XCConfigurationList;
			buildConfigurations = (
				471BA49929DB60D40037C4DC /* Debug */,
				471BA49A29DB60D40037C4DC /* Release */,
			);
			defaultConfigurationIsVisible = 0;
			defaultConfigurationName = Release;
		};
		471BA49B29DB60D40037C4DC /* Build configuration list for PBXNativeTarget "AppMain" */ = {
			isa = XCConfigurationList;
			buildConfigurations = (
				471BA49C29DB60D40037C4DC /* Debug */,
				471BA49D29DB60D40037C4DC /* Release */,
			);
			defaultConfigurationIsVisible = 0;
			defaultConfigurationName = Release;
		};
/* End XCConfigurationList section */
	};
	rootObject = 471BA47F29DB60D20037C4DC /* Project object */;
}
