// !$*UTF8*$!
{
	archiveVersion = 1;
	classes = {
	};
	objectVersion = 55;
	objects = {

/* Begin PBXBuildFile section */
		3A28BD6B579E6D47F1FCF16D /* Pods_GerenciadorDependencias.framework in Frameworks */ = {isa = PBXBuildFile; fileRef = EB735CBBDAE5DF322394607E /* Pods_GerenciadorDependencias.framework */; };
		47466E9229D753CD00ABE587 /* AppDelegate.swift in Sources */ = {isa = PBXBuildFile; fileRef = 47466E9129D753CD00ABE587 /* AppDelegate.swift */; };
		47466E9429D753CD00ABE587 /* SceneDelegate.swift in Sources */ = {isa = PBXBuildFile; fileRef = 47466E9329D753CD00ABE587 /* SceneDelegate.swift */; };
		47466E9629D753CD00ABE587 /* ViewController.swift in Sources */ = {isa = PBXBuildFile; fileRef = 47466E9529D753CD00ABE587 /* ViewController.swift */; };
		47466E9929D753CD00ABE587 /* Main.storyboard in Resources */ = {isa = PBXBuildFile; fileRef = 47466E9729D753CD00ABE587 /* Main.storyboard */; };
		47466E9B29D753CE00ABE587 /* Assets.xcassets in Resources */ = {isa = PBXBuildFile; fileRef = 47466E9A29D753CE00ABE587 /* Assets.xcassets */; };
		47466E9E29D753CE00ABE587 /* LaunchScreen.storyboard in Resources */ = {isa = PBXBuildFile; fileRef = 47466E9C29D753CE00ABE587 /* LaunchScreen.storyboard */; };
		47D9C22629DB32580040D482 /* Alamofire.xcframework in Frameworks */ = {isa = PBXBuildFile; fileRef = 47D9C22529DB32580040D482 /* Alamofire.xcframework */; };
		47D9C22A29DB33970040D482 /* chartDataEntry.json in Resources */ = {isa = PBXBuildFile; fileRef = 47D9C22929DB33970040D482 /* chartDataEntry.json */; };
		47D9C22C29DB33BD0040D482 /* DataEntryModel.swift in Sources */ = {isa = PBXBuildFile; fileRef = 47D9C22B29DB33BD0040D482 /* DataEntryModel.swift */; };
		47D9C22F29DB41A60040D482 /* TinyConstraints in Frameworks */ = {isa = PBXBuildFile; productRef = 47D9C22E29DB41A60040D482 /* TinyConstraints */; };
/* End PBXBuildFile section */

/* Begin PBXFileReference section */
		47466E8E29D753CD00ABE587 /* GerenciadorDependencias.app */ = {isa = PBXFileReference; explicitFileType = wrapper.application; includeInIndex = 0; path = GerenciadorDependencias.app; sourceTree = BUILT_PRODUCTS_DIR; };
		47466E9129D753CD00ABE587 /* AppDelegate.swift */ = {isa = PBXFileReference; lastKnownFileType = sourcecode.swift; path = AppDelegate.swift; sourceTree = "<group>"; };
		47466E9329D753CD00ABE587 /* SceneDelegate.swift */ = {isa = PBXFileReference; lastKnownFileType = sourcecode.swift; path = SceneDelegate.swift; sourceTree = "<group>"; };
		47466E9529D753CD00ABE587 /* ViewController.swift */ = {isa = PBXFileReference; lastKnownFileType = sourcecode.swift; path = ViewController.swift; sourceTree = "<group>"; };
		47466E9829D753CD00ABE587 /* Base */ = {isa = PBXFileReference; lastKnownFileType = file.storyboard; name = Base; path = Base.lproj/Main.storyboard; sourceTree = "<group>"; };
		47466E9A29D753CE00ABE587 /* Assets.xcassets */ = {isa = PBXFileReference; lastKnownFileType = folder.assetcatalog; path = Assets.xcassets; sourceTree = "<group>"; };
		47466E9D29D753CE00ABE587 /* Base */ = {isa = PBXFileReference; lastKnownFileType = file.storyboard; name = Base; path = Base.lproj/LaunchScreen.storyboard; sourceTree = "<group>"; };
		47466E9F29D753CE00ABE587 /* Info.plist */ = {isa = PBXFileReference; lastKnownFileType = text.plist.xml; path = Info.plist; sourceTree = "<group>"; };
		47D9C22529DB32580040D482 /* Alamofire.xcframework */ = {isa = PBXFileReference; lastKnownFileType = wrapper.xcframework; name = Alamofire.xcframework; path = Carthage/Build/Alamofire.xcframework; sourceTree = "<group>"; };
		47D9C22929DB33970040D482 /* chartDataEntry.json */ = {isa = PBXFileReference; fileEncoding = 4; lastKnownFileType = text.json; path = chartDataEntry.json; sourceTree = "<group>"; };
		47D9C22B29DB33BD0040D482 /* DataEntryModel.swift */ = {isa = PBXFileReference; fileEncoding = 4; lastKnownFileType = sourcecode.swift; path = DataEntryModel.swift; sourceTree = "<group>"; };
		8886DE87E9C01D7D7CE3743D /* Pods-GerenciadorDependencias.release.xcconfig */ = {isa = PBXFileReference; includeInIndex = 1; lastKnownFileType = text.xcconfig; name = "Pods-GerenciadorDependencias.release.xcconfig"; path = "Target Support Files/Pods-GerenciadorDependencias/Pods-GerenciadorDependencias.release.xcconfig"; sourceTree = "<group>"; };
		8D727E1C6D2F003F71332669 /* Pods-GerenciadorDependencias.debug.xcconfig */ = {isa = PBXFileReference; includeInIndex = 1; lastKnownFileType = text.xcconfig; name = "Pods-GerenciadorDependencias.debug.xcconfig"; path = "Target Support Files/Pods-GerenciadorDependencias/Pods-GerenciadorDependencias.debug.xcconfig"; sourceTree = "<group>"; };
		EB735CBBDAE5DF322394607E /* Pods_GerenciadorDependencias.framework */ = {isa = PBXFileReference; explicitFileType = wrapper.framework; includeInIndex = 0; path = Pods_GerenciadorDependencias.framework; sourceTree = BUILT_PRODUCTS_DIR; };
/* End PBXFileReference section */

/* Begin PBXFrameworksBuildPhase section */
		47466E8B29D753CD00ABE587 /* Frameworks */ = {
			isa = PBXFrameworksBuildPhase;
			buildActionMask = 2147483647;
			files = (
				47D9C22629DB32580040D482 /* Alamofire.xcframework in Frameworks */,
				3A28BD6B579E6D47F1FCF16D /* Pods_GerenciadorDependencias.framework in Frameworks */,
				47D9C22F29DB41A60040D482 /* TinyConstraints in Frameworks */,
			);
			runOnlyForDeploymentPostprocessing = 0;
		};
/* End PBXFrameworksBuildPhase section */

/* Begin PBXGroup section */
		47466E8529D753CD00ABE587 = {
			isa = PBXGroup;
			children = (
				47466E9029D753CD00ABE587 /* GerenciadorDependencias */,
				47466E8F29D753CD00ABE587 /* Products */,
				58668477E545DB4541ADA0E2 /* Pods */,
				4E8F93C5AD7D0FA2F19996CC /* Frameworks */,
			);
			sourceTree = "<group>";
		};
		47466E8F29D753CD00ABE587 /* Products */ = {
			isa = PBXGroup;
			children = (
				47466E8E29D753CD00ABE587 /* GerenciadorDependencias.app */,
			);
			name = Products;
			sourceTree = "<group>";
		};
		47466E9029D753CD00ABE587 /* GerenciadorDependencias */ = {
			isa = PBXGroup;
			children = (
				47466E9129D753CD00ABE587 /* AppDelegate.swift */,
				47466E9329D753CD00ABE587 /* SceneDelegate.swift */,
				47466E9529D753CD00ABE587 /* ViewController.swift */,
				47D9C22929DB33970040D482 /* chartDataEntry.json */,
				47D9C22B29DB33BD0040D482 /* DataEntryModel.swift */,
				47466E9729D753CD00ABE587 /* Main.storyboard */,
				47466E9A29D753CE00ABE587 /* Assets.xcassets */,
				47466E9C29D753CE00ABE587 /* LaunchScreen.storyboard */,
				47466E9F29D753CE00ABE587 /* Info.plist */,
			);
			path = GerenciadorDependencias;
			sourceTree = "<group>";
		};
		4E8F93C5AD7D0FA2F19996CC /* Frameworks */ = {
			isa = PBXGroup;
			children = (
				47D9C22529DB32580040D482 /* Alamofire.xcframework */,
				EB735CBBDAE5DF322394607E /* Pods_GerenciadorDependencias.framework */,
			);
			name = Frameworks;
			sourceTree = "<group>";
		};
		58668477E545DB4541ADA0E2 /* Pods */ = {
			isa = PBXGroup;
			children = (
				8D727E1C6D2F003F71332669 /* Pods-GerenciadorDependencias.debug.xcconfig */,
				8886DE87E9C01D7D7CE3743D /* Pods-GerenciadorDependencias.release.xcconfig */,
			);
			path = Pods;
			sourceTree = "<group>";
		};
/* End PBXGroup section */

/* Begin PBXNativeTarget section */
		47466E8D29D753CD00ABE587 /* GerenciadorDependencias */ = {
			isa = PBXNativeTarget;
			buildConfigurationList = 47466EA229D753CE00ABE587 /* Build configuration list for PBXNativeTarget "GerenciadorDependencias" */;
			buildPhases = (
				A2BE5331FD4DAD13378E046B /* [CP] Check Pods Manifest.lock */,
				47466E8A29D753CD00ABE587 /* Sources */,
				47466E8B29D753CD00ABE587 /* Frameworks */,
				47466E8C29D753CD00ABE587 /* Resources */,
				3A64C1436E44607CC38CF59E /* [CP] Embed Pods Frameworks */,
			);
			buildRules = (
			);
			dependencies = (
			);
			name = GerenciadorDependencias;
			packageProductDependencies = (
				47D9C22E29DB41A60040D482 /* TinyConstraints */,
			);
			productName = GerenciadorDependencias;
			productReference = 47466E8E29D753CD00ABE587 /* GerenciadorDependencias.app */;
			productType = "com.apple.product-type.application";
		};
/* End PBXNativeTarget section */

/* Begin PBXProject section */
		47466E8629D753CD00ABE587 /* Project object */ = {
			isa = PBXProject;
			attributes = {
				BuildIndependentTargetsInParallel = 1;
				LastSwiftUpdateCheck = 1340;
				LastUpgradeCheck = 1340;
				TargetAttributes = {
					47466E8D29D753CD00ABE587 = {
						CreatedOnToolsVersion = 13.4.1;
					};
				};
			};
			buildConfigurationList = 47466E8929D753CD00ABE587 /* Build configuration list for PBXProject "GerenciadorDependencias" */;
			compatibilityVersion = "Xcode 13.0";
			developmentRegion = en;
			hasScannedForEncodings = 0;
			knownRegions = (
				en,
				Base,
			);
			mainGroup = 47466E8529D753CD00ABE587;
			packageReferences = (
				47D9C22D29DB41A60040D482 /* XCRemoteSwiftPackageReference "TinyConstraints" */,
			);
			productRefGroup = 47466E8F29D753CD00ABE587 /* Products */;
			projectDirPath = "";
			projectRoot = "";
			targets = (
				47466E8D29D753CD00ABE587 /* GerenciadorDependencias */,
			);
		};
/* End PBXProject section */

/* Begin PBXResourcesBuildPhase section */
		47466E8C29D753CD00ABE587 /* Resources */ = {
			isa = PBXResourcesBuildPhase;
			buildActionMask = 2147483647;
			files = (
				47466E9E29D753CE00ABE587 /* LaunchScreen.storyboard in Resources */,
				47D9C22A29DB33970040D482 /* chartDataEntry.json in Resources */,
				47466E9B29D753CE00ABE587 /* Assets.xcassets in Resources */,
				47466E9929D753CD00ABE587 /* Main.storyboard in Resources */,
			);
			runOnlyForDeploymentPostprocessing = 0;
		};
/* End PBXResourcesBuildPhase section */

/* Begin PBXShellScriptBuildPhase section */
		3A64C1436E44607CC38CF59E /* [CP] Embed Pods Frameworks */ = {
			isa = PBXShellScriptBuildPhase;
			buildActionMask = 2147483647;
			files = (
			);
			inputFileListPaths = (
				"${PODS_ROOT}/Target Support Files/Pods-GerenciadorDependencias/Pods-GerenciadorDependencias-frameworks-${CONFIGURATION}-input-files.xcfilelist",
			);
			name = "[CP] Embed Pods Frameworks";
			outputFileListPaths = (
				"${PODS_ROOT}/Target Support Files/Pods-GerenciadorDependencias/Pods-GerenciadorDependencias-frameworks-${CONFIGURATION}-output-files.xcfilelist",
			);
			runOnlyForDeploymentPostprocessing = 0;
			shellPath = /bin/sh;
			shellScript = "\"${PODS_ROOT}/Target Support Files/Pods-GerenciadorDependencias/Pods-GerenciadorDependencias-frameworks.sh\"\n";
			showEnvVarsInLog = 0;
		};
		A2BE5331FD4DAD13378E046B /* [CP] Check Pods Manifest.lock */ = {
			isa = PBXShellScriptBuildPhase;
			buildActionMask = 2147483647;
			files = (
			);
			inputFileListPaths = (
			);
			inputPaths = (
				"${PODS_PODFILE_DIR_PATH}/Podfile.lock",
				"${PODS_ROOT}/Manifest.lock",
			);
			name = "[CP] Check Pods Manifest.lock";
			outputFileListPaths = (
			);
			outputPaths = (
				"$(DERIVED_FILE_DIR)/Pods-GerenciadorDependencias-checkManifestLockResult.txt",
			);
			runOnlyForDeploymentPostprocessing = 0;
			shellPath = /bin/sh;
			shellScript = "diff \"${PODS_PODFILE_DIR_PATH}/Podfile.lock\" \"${PODS_ROOT}/Manifest.lock\" > /dev/null\nif [ $? != 0 ] ; then\n    # print error to STDERR\n    echo \"error: The sandbox is not in sync with the Podfile.lock. Run 'pod install' or update your CocoaPods installation.\" >&2\n    exit 1\nfi\n# This output is used by Xcode 'outputs' to avoid re-running this script phase.\necho \"SUCCESS\" > \"${SCRIPT_OUTPUT_FILE_0}\"\n";
			showEnvVarsInLog = 0;
		};
/* End PBXShellScriptBuildPhase section */

/* Begin PBXSourcesBuildPhase section */
		47466E8A29D753CD00ABE587 /* Sources */ = {
			isa = PBXSourcesBuildPhase;
			buildActionMask = 2147483647;
			files = (
				47D9C22C29DB33BD0040D482 /* DataEntryModel.swift in Sources */,
				47466E9629D753CD00ABE587 /* ViewController.swift in Sources */,
				47466E9229D753CD00ABE587 /* AppDelegate.swift in Sources */,
				47466E9429D753CD00ABE587 /* SceneDelegate.swift in Sources */,
			);
			runOnlyForDeploymentPostprocessing = 0;
		};
/* End PBXSourcesBuildPhase section */

/* Begin PBXVariantGroup section */
		47466E9729D753CD00ABE587 /* Main.storyboard */ = {
			isa = PBXVariantGroup;
			children = (
				47466E9829D753CD00ABE587 /* Base */,
			);
			name = Main.storyboard;
			sourceTree = "<group>";
		};
		47466E9C29D753CE00ABE587 /* LaunchScreen.storyboard */ = {
			isa = PBXVariantGroup;
			children = (
				47466E9D29D753CE00ABE587 /* Base */,
			);
			name = LaunchScreen.storyboard;
			sourceTree = "<group>";
		};
/* End PBXVariantGroup section */

/* Begin XCBuildConfiguration section */
		47466EA029D753CE00ABE587 /* Debug */ = {
			isa = XCBuildConfiguration;
			buildSettings = {
				ALWAYS_SEARCH_USER_PATHS = NO;
				CLANG_ANALYZER_NONNULL = YES;
				CLANG_ANALYZER_NUMBER_OBJECT_CONVERSION = YES_AGGRESSIVE;
				CLANG_CXX_LANGUAGE_STANDARD = "gnu++17";
				CLANG_ENABLE_MODULES = YES;
				CLANG_ENABLE_OBJC_ARC = YES;
				CLANG_ENABLE_OBJC_WEAK = YES;
				CLANG_WARN_BLOCK_CAPTURE_AUTORELEASING = YES;
				CLANG_WARN_BOOL_CONVERSION = YES;
				CLANG_WARN_COMMA = YES;
				CLANG_WARN_CONSTANT_CONVERSION = YES;
				CLANG_WARN_DEPRECATED_OBJC_IMPLEMENTATIONS = YES;
				CLANG_WARN_DIRECT_OBJC_ISA_USAGE = YES_ERROR;
				CLANG_WARN_DOCUMENTATION_COMMENTS = YES;
				CLANG_WARN_EMPTY_BODY = YES;
				CLANG_WARN_ENUM_CONVERSION = YES;
				CLANG_WARN_INFINITE_RECURSION = YES;
				CLANG_WARN_INT_CONVERSION = YES;
				CLANG_WARN_NON_LITERAL_NULL_CONVERSION = YES;
				CLANG_WARN_OBJC_IMPLICIT_RETAIN_SELF = YES;
				CLANG_WARN_OBJC_LITERAL_CONVERSION = YES;
				CLANG_WARN_OBJC_ROOT_CLASS = YES_ERROR;
				CLANG_WARN_QUOTED_INCLUDE_IN_FRAMEWORK_HEADER = YES;
				CLANG_WARN_RANGE_LOOP_ANALYSIS = YES;
				CLANG_WARN_STRICT_PROTOTYPES = YES;
				CLANG_WARN_SUSPICIOUS_MOVE = YES;
				CLANG_WARN_UNGUARDED_AVAILABILITY = YES_AGGRESSIVE;
				CLANG_WARN_UNREACHABLE_CODE = YES;
				CLANG_WARN__DUPLICATE_METHOD_MATCH = YES;
				COPY_PHASE_STRIP = NO;
				DEBUG_INFORMATION_FORMAT = dwarf;
				ENABLE_STRICT_OBJC_MSGSEND = YES;
				ENABLE_TESTABILITY = YES;
				GCC_C_LANGUAGE_STANDARD = gnu11;
				GCC_DYNAMIC_NO_PIC = NO;
				GCC_NO_COMMON_BLOCKS = YES;
				GCC_OPTIMIZATION_LEVEL = 0;
				GCC_PREPROCESSOR_DEFINITIONS = (
					"DEBUG=1",
					"$(inherited)",
				);
				GCC_WARN_64_TO_32_BIT_CONVERSION = YES;
				GCC_WARN_ABOUT_RETURN_TYPE = YES_ERROR;
				GCC_WARN_UNDECLARED_SELECTOR = YES;
				GCC_WARN_UNINITIALIZED_AUTOS = YES_AGGRESSIVE;
				GCC_WARN_UNUSED_FUNCTION = YES;
				GCC_WARN_UNUSED_VARIABLE = YES;
				IPHONEOS_DEPLOYMENT_TARGET = 15.5;
				MTL_ENABLE_DEBUG_INFO = INCLUDE_SOURCE;
				MTL_FAST_MATH = YES;
				ONLY_ACTIVE_ARCH = YES;
				SDKROOT = iphoneos;
				SWIFT_ACTIVE_COMPILATION_CONDITIONS = DEBUG;
				SWIFT_OPTIMIZATION_LEVEL = "-Onone";
			};
			name = Debug;
		};
		47466EA129D753CE00ABE587 /* Release */ = {
			isa = XCBuildConfiguration;
			buildSettings = {
				ALWAYS_SEARCH_USER_PATHS = NO;
				CLANG_ANALYZER_NONNULL = YES;
				CLANG_ANALYZER_NUMBER_OBJECT_CONVERSION = YES_AGGRESSIVE;
				CLANG_CXX_LANGUAGE_STANDARD = "gnu++17";
				CLANG_ENABLE_MODULES = YES;
				CLANG_ENABLE_OBJC_ARC = YES;
				CLANG_ENABLE_OBJC_WEAK = YES;
				CLANG_WARN_BLOCK_CAPTURE_AUTORELEASING = YES;
				CLANG_WARN_BOOL_CONVERSION = YES;
				CLANG_WARN_COMMA = YES;
				CLANG_WARN_CONSTANT_CONVERSION = YES;
				CLANG_WARN_DEPRECATED_OBJC_IMPLEMENTATIONS = YES;
				CLANG_WARN_DIRECT_OBJC_ISA_USAGE = YES_ERROR;
				CLANG_WARN_DOCUMENTATION_COMMENTS = YES;
				CLANG_WARN_EMPTY_BODY = YES;
				CLANG_WARN_ENUM_CONVERSION = YES;
				CLANG_WARN_INFINITE_RECURSION = YES;
				CLANG_WARN_INT_CONVERSION = YES;
				CLANG_WARN_NON_LITERAL_NULL_CONVERSION = YES;
				CLANG_WARN_OBJC_IMPLICIT_RETAIN_SELF = YES;
				CLANG_WARN_OBJC_LITERAL_CONVERSION = YES;
				CLANG_WARN_OBJC_ROOT_CLASS = YES_ERROR;
				CLANG_WARN_QUOTED_INCLUDE_IN_FRAMEWORK_HEADER = YES;
				CLANG_WARN_RANGE_LOOP_ANALYSIS = YES;
				CLANG_WARN_STRICT_PROTOTYPES = YES;
				CLANG_WARN_SUSPICIOUS_MOVE = YES;
				CLANG_WARN_UNGUARDED_AVAILABILITY = YES_AGGRESSIVE;
				CLANG_WARN_UNREACHABLE_CODE = YES;
				CLANG_WARN__DUPLICATE_METHOD_MATCH = YES;
				COPY_PHASE_STRIP = NO;
				DEBUG_INFORMATION_FORMAT = "dwarf-with-dsym";
				ENABLE_NS_ASSERTIONS = NO;
				ENABLE_STRICT_OBJC_MSGSEND = YES;
				GCC_C_LANGUAGE_STANDARD = gnu11;
				GCC_NO_COMMON_BLOCKS = YES;
				GCC_WARN_64_TO_32_BIT_CONVERSION = YES;
				GCC_WARN_ABOUT_RETURN_TYPE = YES_ERROR;
				GCC_WARN_UNDECLARED_SELECTOR = YES;
				GCC_WARN_UNINITIALIZED_AUTOS = YES_AGGRESSIVE;
				GCC_WARN_UNUSED_FUNCTION = YES;
				GCC_WARN_UNUSED_VARIABLE = YES;
				IPHONEOS_DEPLOYMENT_TARGET = 15.5;
				MTL_ENABLE_DEBUG_INFO = NO;
				MTL_FAST_MATH = YES;
				SDKROOT = iphoneos;
				SWIFT_COMPILATION_MODE = wholemodule;
				SWIFT_OPTIMIZATION_LEVEL = "-O";
				VALIDATE_PRODUCT = YES;
			};
			name = Release;
		};
		47466EA329D753CE00ABE587 /* Debug */ = {
			isa = XCBuildConfiguration;
			baseConfigurationReference = 8D727E1C6D2F003F71332669 /* Pods-GerenciadorDependencias.debug.xcconfig */;
			buildSettings = {
				ASSETCATALOG_COMPILER_APPICON_NAME = AppIcon;
				ASSETCATALOG_COMPILER_GLOBAL_ACCENT_COLOR_NAME = AccentColor;
				CODE_SIGN_STYLE = Automatic;
				CURRENT_PROJECT_VERSION = 1;
				DEVELOPMENT_TEAM = T799BTXVLZ;
				GENERATE_INFOPLIST_FILE = YES;
				INFOPLIST_FILE = GerenciadorDependencias/Info.plist;
				INFOPLIST_KEY_UIApplicationSupportsIndirectInputEvents = YES;
				INFOPLIST_KEY_UILaunchStoryboardName = LaunchScreen;
				INFOPLIST_KEY_UIMainStoryboardFile = Main;
				INFOPLIST_KEY_UISupportedInterfaceOrientations_iPad = "UIInterfaceOrientationPortrait UIInterfaceOrientationPortraitUpsideDown UIInterfaceOrientationLandscapeLeft UIInterfaceOrientationLandscapeRight";
				INFOPLIST_KEY_UISupportedInterfaceOrientations_iPhone = "UIInterfaceOrientationPortrait UIInterfaceOrientationLandscapeLeft UIInterfaceOrientationLandscapeRight";
				IPHONEOS_DEPLOYMENT_TARGET = 13.0;
				LD_RUNPATH_SEARCH_PATHS = (
					"$(inherited)",
					"@executable_path/Frameworks",
				);
				MARKETING_VERSION = 1.0;
				PRODUCT_BUNDLE_IDENTIFIER = projeto.dio.gerenciador.dependencias.GerenciadorDependencias;
				PRODUCT_NAME = "$(TARGET_NAME)";
				SWIFT_EMIT_LOC_STRINGS = YES;
				SWIFT_VERSION = 5.0;
				TARGETED_DEVICE_FAMILY = 1;
			};
			name = Debug;
		};
		47466EA429D753CE00ABE587 /* Release */ = {
			isa = XCBuildConfiguration;
			baseConfigurationReference = 8886DE87E9C01D7D7CE3743D /* Pods-GerenciadorDependencias.release.xcconfig */;
			buildSettings = {
				ASSETCATALOG_COMPILER_APPICON_NAME = AppIcon;
				ASSETCATALOG_COMPILER_GLOBAL_ACCENT_COLOR_NAME = AccentColor;
				CODE_SIGN_STYLE = Automatic;
				CURRENT_PROJECT_VERSION = 1;
				DEVELOPMENT_TEAM = T799BTXVLZ;
				GENERATE_INFOPLIST_FILE = YES;
				INFOPLIST_FILE = GerenciadorDependencias/Info.plist;
				INFOPLIST_KEY_UIApplicationSupportsIndirectInputEvents = YES;
				INFOPLIST_KEY_UILaunchStoryboardName = LaunchScreen;
				INFOPLIST_KEY_UIMainStoryboardFile = Main;
				INFOPLIST_KEY_UISupportedInterfaceOrientations_iPad = "UIInterfaceOrientationPortrait UIInterfaceOrientationPortraitUpsideDown UIInterfaceOrientationLandscapeLeft UIInterfaceOrientationLandscapeRight";
				INFOPLIST_KEY_UISupportedInterfaceOrientations_iPhone = "UIInterfaceOrientationPortrait UIInterfaceOrientationLandscapeLeft UIInterfaceOrientationLandscapeRight";
				IPHONEOS_DEPLOYMENT_TARGET = 13.0;
				LD_RUNPATH_SEARCH_PATHS = (
					"$(inherited)",
					"@executable_path/Frameworks",
				);
				MARKETING_VERSION = 1.0;
				PRODUCT_BUNDLE_IDENTIFIER = projeto.dio.gerenciador.dependencias.GerenciadorDependencias;
				PRODUCT_NAME = "$(TARGET_NAME)";
				SWIFT_EMIT_LOC_STRINGS = YES;
				SWIFT_VERSION = 5.0;
				TARGETED_DEVICE_FAMILY = 1;
			};
			name = Release;
		};
/* End XCBuildConfiguration section */

/* Begin XCConfigurationList section */
		47466E8929D753CD00ABE587 /* Build configuration list for PBXProject "GerenciadorDependencias" */ = {
			isa = XCConfigurationList;
			buildConfigurations = (
				47466EA029D753CE00ABE587 /* Debug */,
				47466EA129D753CE00ABE587 /* Release */,
			);
			defaultConfigurationIsVisible = 0;
			defaultConfigurationName = Release;
		};
		47466EA229D753CE00ABE587 /* Build configuration list for PBXNativeTarget "GerenciadorDependencias" */ = {
			isa = XCConfigurationList;
			buildConfigurations = (
				47466EA329D753CE00ABE587 /* Debug */,
				47466EA429D753CE00ABE587 /* Release */,
			);
			defaultConfigurationIsVisible = 0;
			defaultConfigurationName = Release;
		};
/* End XCConfigurationList section */

/* Begin XCRemoteSwiftPackageReference section */
		47D9C22D29DB41A60040D482 /* XCRemoteSwiftPackageReference "TinyConstraints" */ = {
			isa = XCRemoteSwiftPackageReference;
			repositoryURL = "https://github.com/roberthein/TinyConstraints";
			requirement = {
				kind = upToNextMajorVersion;
				minimumVersion = 4.0.0;
			};
		};
/* End XCRemoteSwiftPackageReference section */

/* Begin XCSwiftPackageProductDependency section */
		47D9C22E29DB41A60040D482 /* TinyConstraints */ = {
			isa = XCSwiftPackageProductDependency;
			package = 47D9C22D29DB41A60040D482 /* XCRemoteSwiftPackageReference "TinyConstraints" */;
			productName = TinyConstraints;
		};
/* End XCSwiftPackageProductDependency section */
	};
	rootObject = 47466E8629D753CD00ABE587 /* Project object */;
}
